
Microsoft Visual Studio Solution File, Format Version 12.00
# Visual Studio Version 16
VisualStudioVersion = 16.0.30204.135
MinimumVisualStudioVersion = 10.0.40219.1
Project("{FAE04EC0-301F-11D3-BF4B-00C04F79EFBC}") = "RssTakipLibrary", "RssTakipLibrary\RssTakipLibrary.csproj", "{EA968E8A-1B05-46F9-B8F8-DAA94462CFC3}"
EndProject
Project("{FAE04EC0-301F-11D3-BF4B-00C04F79EFBC}") = "RssTakipUI", "RssTakipUI\RssTakipUI.csproj", "{EE94E154-5A29-4F8C-8B5E-D213D22DB68C}"
EndProject
Global
	GlobalSection(SolutionConfigurationPlatforms) = preSolution
		Debug|Any CPU = Debug|Any CPU
		Release|Any CPU = Release|Any CPU
	EndGlobalSection
	GlobalSection(ProjectConfigurationPlatforms) = postSolution
		{EA968E8A-1B05-46F9-B8F8-DAA94462CFC3}.Debug|Any CPU.ActiveCfg = Debug|Any CPU
		{EA968E8A-1B05-46F9-B8F8-DAA94462CFC3}.Debug|Any CPU.Build.0 = Debug|Any CPU
		{EA968E8A-1B05-46F9-B8F8-DAA94462CFC3}.Release|Any CPU.ActiveCfg = Release|Any CPU
		{EA968E8A-1B05-46F9-B8F8-DAA94462CFC3}.Release|Any CPU.Build.0 = Release|Any CPU
		{EE94E154-5A29-4F8C-8B5E-D213D22DB68C}.Debug|Any CPU.ActiveCfg = Debug|Any CPU
		{EE94E154-5A29-4F8C-8B5E-D213D22DB68C}.Debug|Any CPU.Build.0 = Debug|Any CPU
		{EE94E154-5A29-4F8C-8B5E-D213D22DB68C}.Release|Any CPU.ActiveCfg = Release|Any CPU
		{EE94E154-5A29-4F8C-8B5E-D213D22DB68C}.Release|Any CPU.Build.0 = Release|Any CPU
	EndGlobalSection
	GlobalSection(SolutionProperties) = preSolution
		HideSolutionNode = FALSE
	EndGlobalSection
	GlobalSection(ExtensibilityGlobals) = postSolution
		SolutionGuid = {C0388328-8863-40DB-87BA-378558D1DF95}
	EndGlobalSection
EndGlobal
